// !$*UTF8*$!
{
	archiveVersion = 1;
	classes = {
	};
	objectVersion = 50;
	objects = {

/* Begin PBXBuildFile section */
		70950B06269065EB007106D6 /* WHolidayApp.swift in Sources */ = {isa = PBXBuildFile; fileRef = 70950B05269065EB007106D6 /* WHolidayApp.swift */; };
		70950B08269065EB007106D6 /* ContentView.swift in Sources */ = {isa = PBXBuildFile; fileRef = 70950B07269065EB007106D6 /* ContentView.swift */; };
		70950B0A269065EC007106D6 /* Assets.xcassets in Resources */ = {isa = PBXBuildFile; fileRef = 70950B09269065EC007106D6 /* Assets.xcassets */; };
		70950B0D269065EC007106D6 /* Preview Assets.xcassets in Resources */ = {isa = PBXBuildFile; fileRef = 70950B0C269065EC007106D6 /* Preview Assets.xcassets */; };
		70950B18269068D8007106D6 /* LocationService.swift in Sources */ = {isa = PBXBuildFile; fileRef = 70950B17269068D8007106D6 /* LocationService.swift */; };
		70D00D1A2691BE4C0094FDB3 /* Color+Ext.swift in Sources */ = {isa = PBXBuildFile; fileRef = 70D00D192691BE4C0094FDB3 /* Color+Ext.swift */; };
		70D00D1F2691BFEF0094FDB3 /* HttpMethod.swift in Sources */ = {isa = PBXBuildFile; fileRef = 70D00D1E2691BFEF0094FDB3 /* HttpMethod.swift */; };
		70D00D222691C1610094FDB3 /* HolidayError.swift in Sources */ = {isa = PBXBuildFile; fileRef = 70D00D212691C1610094FDB3 /* HolidayError.swift */; };
		70D00D252691C2400094FDB3 /* ServiceProtocol.swift in Sources */ = {isa = PBXBuildFile; fileRef = 70D00D242691C2400094FDB3 /* ServiceProtocol.swift */; };
		70D00D282691C2570094FDB3 /* Holiday.swift in Sources */ = {isa = PBXBuildFile; fileRef = 70D00D272691C2570094FDB3 /* Holiday.swift */; };
		70D00D2B2691C4860094FDB3 /* ServiceClient.swift in Sources */ = {isa = PBXBuildFile; fileRef = 70D00D2A2691C4860094FDB3 /* ServiceClient.swift */; };
		70D00D2F2691C51B0094FDB3 /* Constants.swift in Sources */ = {isa = PBXBuildFile; fileRef = 70D00D2E2691C51B0094FDB3 /* Constants.swift */; };
		70D00D312691CC3C0094FDB3 /* HTTPStatus.swift in Sources */ = {isa = PBXBuildFile; fileRef = 70D00D302691CC3C0094FDB3 /* HTTPStatus.swift */; };
/* End PBXBuildFile section */

/* Begin PBXFileReference section */
		70950B02269065EB007106D6 /* WHoliday.app */ = {isa = PBXFileReference; explicitFileType = wrapper.application; includeInIndex = 0; path = WHoliday.app; sourceTree = BUILT_PRODUCTS_DIR; };
		70950B05269065EB007106D6 /* WHolidayApp.swift */ = {isa = PBXFileReference; lastKnownFileType = sourcecode.swift; path = WHolidayApp.swift; sourceTree = "<group>"; };
		70950B07269065EB007106D6 /* ContentView.swift */ = {isa = PBXFileReference; lastKnownFileType = sourcecode.swift; path = ContentView.swift; sourceTree = "<group>"; };
		70950B09269065EC007106D6 /* Assets.xcassets */ = {isa = PBXFileReference; lastKnownFileType = folder.assetcatalog; path = Assets.xcassets; sourceTree = "<group>"; };
		70950B0C269065EC007106D6 /* Preview Assets.xcassets */ = {isa = PBXFileReference; lastKnownFileType = folder.assetcatalog; path = "Preview Assets.xcassets"; sourceTree = "<group>"; };
		70950B0E269065EC007106D6 /* Info.plist */ = {isa = PBXFileReference; lastKnownFileType = text.plist.xml; path = Info.plist; sourceTree = "<group>"; };
		70950B17269068D8007106D6 /* LocationService.swift */ = {isa = PBXFileReference; lastKnownFileType = sourcecode.swift; path = LocationService.swift; sourceTree = "<group>"; };
		70D00D192691BE4C0094FDB3 /* Color+Ext.swift */ = {isa = PBXFileReference; lastKnownFileType = sourcecode.swift; path = "Color+Ext.swift"; sourceTree = "<group>"; };
		70D00D1E2691BFEF0094FDB3 /* HttpMethod.swift */ = {isa = PBXFileReference; lastKnownFileType = sourcecode.swift; path = HttpMethod.swift; sourceTree = "<group>"; };
		70D00D212691C1610094FDB3 /* HolidayError.swift */ = {isa = PBXFileReference; lastKnownFileType = sourcecode.swift; path = HolidayError.swift; sourceTree = "<group>"; };
		70D00D242691C2400094FDB3 /* ServiceProtocol.swift */ = {isa = PBXFileReference; lastKnownFileType = sourcecode.swift; path = ServiceProtocol.swift; sourceTree = "<group>"; };
		70D00D272691C2570094FDB3 /* Holiday.swift */ = {isa = PBXFileReference; lastKnownFileType = sourcecode.swift; path = Holiday.swift; sourceTree = "<group>"; };
		70D00D2A2691C4860094FDB3 /* ServiceClient.swift */ = {isa = PBXFileReference; lastKnownFileType = sourcecode.swift; path = ServiceClient.swift; sourceTree = "<group>"; };
		70D00D2E2691C51B0094FDB3 /* Constants.swift */ = {isa = PBXFileReference; lastKnownFileType = sourcecode.swift; path = Constants.swift; sourceTree = "<group>"; };
		70D00D302691CC3C0094FDB3 /* HTTPStatus.swift */ = {isa = PBXFileReference; lastKnownFileType = sourcecode.swift; path = HTTPStatus.swift; sourceTree = "<group>"; };
/* End PBXFileReference section */

/* Begin PBXFrameworksBuildPhase section */
		70950AFF269065EB007106D6 /* Frameworks */ = {
			isa = PBXFrameworksBuildPhase;
			buildActionMask = 2147483647;
			files = (
			);
			runOnlyForDeploymentPostprocessing = 0;
		};
/* End PBXFrameworksBuildPhase section */

/* Begin PBXGroup section */
		70950AF9269065EB007106D6 = {
			isa = PBXGroup;
			children = (
				70950B04269065EB007106D6 /* WHoliday */,
				70950B03269065EB007106D6 /* Products */,
			);
			sourceTree = "<group>";
		};
		70950B03269065EB007106D6 /* Products */ = {
			isa = PBXGroup;
			children = (
				70950B02269065EB007106D6 /* WHoliday.app */,
			);
			name = Products;
			sourceTree = "<group>";
		};
		70950B04269065EB007106D6 /* WHoliday */ = {
			isa = PBXGroup;
			children = (
				70D00D2D2691C5110094FDB3 /* Support */,
				70D00D232691C2270094FDB3 /* Protocols */,
				70D00D1C2691BFD30094FDB3 /* Network */,
				70950B14269065FD007106D6 /* Application */,
				70D00D182691BE380094FDB3 /* Extensions */,
				70950B16269068BB007106D6 /* Location */,
				70950B1526906609007106D6 /* Views */,
				70950B09269065EC007106D6 /* Assets.xcassets */,
				70950B0E269065EC007106D6 /* Info.plist */,
				70950B0B269065EC007106D6 /* Preview Content */,
			);
			path = WHoliday;
			sourceTree = "<group>";
		};
		70950B0B269065EC007106D6 /* Preview Content */ = {
			isa = PBXGroup;
			children = (
				70950B0C269065EC007106D6 /* Preview Assets.xcassets */,
			);
			path = "Preview Content";
			sourceTree = "<group>";
		};
		70950B14269065FD007106D6 /* Application */ = {
			isa = PBXGroup;
			children = (
				70950B05269065EB007106D6 /* WHolidayApp.swift */,
			);
			path = Application;
			sourceTree = "<group>";
		};
		70950B1526906609007106D6 /* Views */ = {
			isa = PBXGroup;
			children = (
				70950B07269065EB007106D6 /* ContentView.swift */,
			);
			path = Views;
			sourceTree = "<group>";
		};
		70950B16269068BB007106D6 /* Location */ = {
			isa = PBXGroup;
			children = (
				70950B17269068D8007106D6 /* LocationService.swift */,
			);
			path = Location;
			sourceTree = "<group>";
		};
		70D00D182691BE380094FDB3 /* Extensions */ = {
			isa = PBXGroup;
			children = (
				70D00D192691BE4C0094FDB3 /* Color+Ext.swift */,
			);
			path = Extensions;
			sourceTree = "<group>";
		};
		70D00D1C2691BFD30094FDB3 /* Network */ = {
			isa = PBXGroup;
			children = (
				70D00D292691C4700094FDB3 /* Request */,
				70D00D262691C24B0094FDB3 /* Model */,
				70D00D202691C1530094FDB3 /* Error */,
				70D00D1D2691BFDE0094FDB3 /* HTTP */,
			);
			path = Network;
			sourceTree = "<group>";
		};
		70D00D1D2691BFDE0094FDB3 /* HTTP */ = {
			isa = PBXGroup;
			children = (
				70D00D1E2691BFEF0094FDB3 /* HttpMethod.swift */,
				70D00D302691CC3C0094FDB3 /* HTTPStatus.swift */,
			);
			path = HTTP;
			sourceTree = "<group>";
		};
		70D00D202691C1530094FDB3 /* Error */ = {
			isa = PBXGroup;
			children = (
				70D00D212691C1610094FDB3 /* HolidayError.swift */,
			);
			path = Error;
			sourceTree = "<group>";
		};
		70D00D232691C2270094FDB3 /* Protocols */ = {
			isa = PBXGroup;
			children = (
				70D00D242691C2400094FDB3 /* ServiceProtocol.swift */,
			);
			path = Protocols;
			sourceTree = "<group>";
		};
		70D00D262691C24B0094FDB3 /* Model */ = {
			isa = PBXGroup;
			children = (
				70D00D272691C2570094FDB3 /* Holiday.swift */,
			);
			path = Model;
			sourceTree = "<group>";
		};
		70D00D292691C4700094FDB3 /* Request */ = {
			isa = PBXGroup;
			children = (
				70D00D2A2691C4860094FDB3 /* ServiceClient.swift */,
			);
			path = Request;
			sourceTree = "<group>";
		};
		70D00D2D2691C5110094FDB3 /* Support */ = {
			isa = PBXGroup;
			children = (
				70D00D2E2691C51B0094FDB3 /* Constants.swift */,
			);
			path = Support;
			sourceTree = "<group>";
		};
/* End PBXGroup section */

/* Begin PBXNativeTarget section */
		70950B01269065EB007106D6 /* WHoliday */ = {
			isa = PBXNativeTarget;
			buildConfigurationList = 70950B11269065EC007106D6 /* Build configuration list for PBXNativeTarget "WHoliday" */;
			buildPhases = (
				70950AFE269065EB007106D6 /* Sources */,
				70950AFF269065EB007106D6 /* Frameworks */,
				70950B00269065EB007106D6 /* Resources */,
			);
			buildRules = (
			);
			dependencies = (
			);
			name = WHoliday;
			productName = WHoliday;
			productReference = 70950B02269065EB007106D6 /* WHoliday.app */;
			productType = "com.apple.product-type.application";
		};
/* End PBXNativeTarget section */

/* Begin PBXProject section */
		70950AFA269065EB007106D6 /* Project object */ = {
			isa = PBXProject;
			attributes = {
				LastSwiftUpdateCheck = 1250;
				LastUpgradeCheck = 1250;
				TargetAttributes = {
					70950B01269065EB007106D6 = {
						CreatedOnToolsVersion = 12.5;
					};
				};
			};
			buildConfigurationList = 70950AFD269065EB007106D6 /* Build configuration list for PBXProject "WHoliday" */;
			compatibilityVersion = "Xcode 9.3";
			developmentRegion = en;
			hasScannedForEncodings = 0;
			knownRegions = (
				en,
				Base,
			);
			mainGroup = 70950AF9269065EB007106D6;
			productRefGroup = 70950B03269065EB007106D6 /* Products */;
			projectDirPath = "";
			projectRoot = "";
			targets = (
				70950B01269065EB007106D6 /* WHoliday */,
			);
		};
/* End PBXProject section */

/* Begin PBXResourcesBuildPhase section */
		70950B00269065EB007106D6 /* Resources */ = {
			isa = PBXResourcesBuildPhase;
			buildActionMask = 2147483647;
			files = (
				70950B0D269065EC007106D6 /* Preview Assets.xcassets in Resources */,
				70950B0A269065EC007106D6 /* Assets.xcassets in Resources */,
			);
			runOnlyForDeploymentPostprocessing = 0;
		};
/* End PBXResourcesBuildPhase section */

/* Begin PBXSourcesBuildPhase section */
		70950AFE269065EB007106D6 /* Sources */ = {
			isa = PBXSourcesBuildPhase;
			buildActionMask = 2147483647;
			files = (
				70950B08269065EB007106D6 /* ContentView.swift in Sources */,
				70D00D1A2691BE4C0094FDB3 /* Color+Ext.swift in Sources */,
				70D00D282691C2570094FDB3 /* Holiday.swift in Sources */,
				70D00D1F2691BFEF0094FDB3 /* HttpMethod.swift in Sources */,
				70950B18269068D8007106D6 /* LocationService.swift in Sources */,
				70D00D312691CC3C0094FDB3 /* HTTPStatus.swift in Sources */,
				70D00D2F2691C51B0094FDB3 /* Constants.swift in Sources */,
				70950B06269065EB007106D6 /* WHolidayApp.swift in Sources */,
				70D00D252691C2400094FDB3 /* ServiceProtocol.swift in Sources */,
				70D00D2B2691C4860094FDB3 /* ServiceClient.swift in Sources */,
				70D00D222691C1610094FDB3 /* HolidayError.swift in Sources */,
			);
			runOnlyForDeploymentPostprocessing = 0;
		};
/* End PBXSourcesBuildPhase section */

/* Begin XCBuildConfiguration section */
		70950B0F269065EC007106D6 /* Debug */ = {
			isa = XCBuildConfiguration;
			buildSettings = {
				ALWAYS_SEARCH_USER_PATHS = NO;
				CLANG_ANALYZER_NONNULL = YES;
				CLANG_ANALYZER_NUMBER_OBJECT_CONVERSION = YES_AGGRESSIVE;
				CLANG_CXX_LANGUAGE_STANDARD = "gnu++14";
				CLANG_CXX_LIBRARY = "libc++";
				CLANG_ENABLE_MODULES = YES;
				CLANG_ENABLE_OBJC_ARC = YES;
				CLANG_ENABLE_OBJC_WEAK = YES;
				CLANG_WARN_BLOCK_CAPTURE_AUTORELEASING = YES;
				CLANG_WARN_BOOL_CONVERSION = YES;
				CLANG_WARN_COMMA = YES;
				CLANG_WARN_CONSTANT_CONVERSION = YES;
				CLANG_WARN_DEPRECATED_OBJC_IMPLEMENTATIONS = YES;
				CLANG_WARN_DIRECT_OBJC_ISA_USAGE = YES_ERROR;
				CLANG_WARN_DOCUMENTATION_COMMENTS = YES;
				CLANG_WARN_EMPTY_BODY = YES;
				CLANG_WARN_ENUM_CONVERSION = YES;
				CLANG_WARN_INFINITE_RECURSION = YES;
				CLANG_WARN_INT_CONVERSION = YES;
				CLANG_WARN_NON_LITERAL_NULL_CONVERSION = YES;
				CLANG_WARN_OBJC_IMPLICIT_RETAIN_SELF = YES;
				CLANG_WARN_OBJC_LITERAL_CONVERSION = YES;
				CLANG_WARN_OBJC_ROOT_CLASS = YES_ERROR;
				CLANG_WARN_QUOTED_INCLUDE_IN_FRAMEWORK_HEADER = YES;
				CLANG_WARN_RANGE_LOOP_ANALYSIS = YES;
				CLANG_WARN_STRICT_PROTOTYPES = YES;
				CLANG_WARN_SUSPICIOUS_MOVE = YES;
				CLANG_WARN_UNGUARDED_AVAILABILITY = YES_AGGRESSIVE;
				CLANG_WARN_UNREACHABLE_CODE = YES;
				CLANG_WARN__DUPLICATE_METHOD_MATCH = YES;
				COPY_PHASE_STRIP = NO;
				DEBUG_INFORMATION_FORMAT = dwarf;
				ENABLE_STRICT_OBJC_MSGSEND = YES;
				ENABLE_TESTABILITY = YES;
				GCC_C_LANGUAGE_STANDARD = gnu11;
				GCC_DYNAMIC_NO_PIC = NO;
				GCC_NO_COMMON_BLOCKS = YES;
				GCC_OPTIMIZATION_LEVEL = 0;
				GCC_PREPROCESSOR_DEFINITIONS = (
					"DEBUG=1",
					"$(inherited)",
				);
				GCC_WARN_64_TO_32_BIT_CONVERSION = YES;
				GCC_WARN_ABOUT_RETURN_TYPE = YES_ERROR;
				GCC_WARN_UNDECLARED_SELECTOR = YES;
				GCC_WARN_UNINITIALIZED_AUTOS = YES_AGGRESSIVE;
				GCC_WARN_UNUSED_FUNCTION = YES;
				GCC_WARN_UNUSED_VARIABLE = YES;
				IPHONEOS_DEPLOYMENT_TARGET = 14.5;
				MTL_ENABLE_DEBUG_INFO = INCLUDE_SOURCE;
				MTL_FAST_MATH = YES;
				ONLY_ACTIVE_ARCH = YES;
				SDKROOT = iphoneos;
				SWIFT_ACTIVE_COMPILATION_CONDITIONS = DEBUG;
				SWIFT_OPTIMIZATION_LEVEL = "-Onone";
			};
			name = Debug;
		};
		70950B10269065EC007106D6 /* Release */ = {
			isa = XCBuildConfiguration;
			buildSettings = {
				ALWAYS_SEARCH_USER_PATHS = NO;
				CLANG_ANALYZER_NONNULL = YES;
				CLANG_ANALYZER_NUMBER_OBJECT_CONVERSION = YES_AGGRESSIVE;
				CLANG_CXX_LANGUAGE_STANDARD = "gnu++14";
				CLANG_CXX_LIBRARY = "libc++";
				CLANG_ENABLE_MODULES = YES;
				CLANG_ENABLE_OBJC_ARC = YES;
				CLANG_ENABLE_OBJC_WEAK = YES;
				CLANG_WARN_BLOCK_CAPTURE_AUTORELEASING = YES;
				CLANG_WARN_BOOL_CONVERSION = YES;
				CLANG_WARN_COMMA = YES;
				CLANG_WARN_CONSTANT_CONVERSION = YES;
				CLANG_WARN_DEPRECATED_OBJC_IMPLEMENTATIONS = YES;
				CLANG_WARN_DIRECT_OBJC_ISA_USAGE = YES_ERROR;
				CLANG_WARN_DOCUMENTATION_COMMENTS = YES;
				CLANG_WARN_EMPTY_BODY = YES;
				CLANG_WARN_ENUM_CONVERSION = YES;
				CLANG_WARN_INFINITE_RECURSION = YES;
				CLANG_WARN_INT_CONVERSION = YES;
				CLANG_WARN_NON_LITERAL_NULL_CONVERSION = YES;
				CLANG_WARN_OBJC_IMPLICIT_RETAIN_SELF = YES;
				CLANG_WARN_OBJC_LITERAL_CONVERSION = YES;
				CLANG_WARN_OBJC_ROOT_CLASS = YES_ERROR;
				CLANG_WARN_QUOTED_INCLUDE_IN_FRAMEWORK_HEADER = YES;
				CLANG_WARN_RANGE_LOOP_ANALYSIS = YES;
				CLANG_WARN_STRICT_PROTOTYPES = YES;
				CLANG_WARN_SUSPICIOUS_MOVE = YES;
				CLANG_WARN_UNGUARDED_AVAILABILITY = YES_AGGRESSIVE;
				CLANG_WARN_UNREACHABLE_CODE = YES;
				CLANG_WARN__DUPLICATE_METHOD_MATCH = YES;
				COPY_PHASE_STRIP = NO;
				DEBUG_INFORMATION_FORMAT = "dwarf-with-dsym";
				ENABLE_NS_ASSERTIONS = NO;
				ENABLE_STRICT_OBJC_MSGSEND = YES;
				GCC_C_LANGUAGE_STANDARD = gnu11;
				GCC_NO_COMMON_BLOCKS = YES;
				GCC_WARN_64_TO_32_BIT_CONVERSION = YES;
				GCC_WARN_ABOUT_RETURN_TYPE = YES_ERROR;
				GCC_WARN_UNDECLARED_SELECTOR = YES;
				GCC_WARN_UNINITIALIZED_AUTOS = YES_AGGRESSIVE;
				GCC_WARN_UNUSED_FUNCTION = YES;
				GCC_WARN_UNUSED_VARIABLE = YES;
				IPHONEOS_DEPLOYMENT_TARGET = 14.5;
				MTL_ENABLE_DEBUG_INFO = NO;
				MTL_FAST_MATH = YES;
				SDKROOT = iphoneos;
				SWIFT_COMPILATION_MODE = wholemodule;
				SWIFT_OPTIMIZATION_LEVEL = "-O";
				VALIDATE_PRODUCT = YES;
			};
			name = Release;
		};
		70950B12269065EC007106D6 /* Debug */ = {
			isa = XCBuildConfiguration;
			buildSettings = {
				ASSETCATALOG_COMPILER_APPICON_NAME = AppIcon;
				ASSETCATALOG_COMPILER_GLOBAL_ACCENT_COLOR_NAME = AccentColor;
				CODE_SIGN_STYLE = Automatic;
				DEVELOPMENT_ASSET_PATHS = "\"WHoliday/Preview Content\"";
				DEVELOPMENT_TEAM = C7UJQJ2BAR;
				ENABLE_PREVIEWS = YES;
				INFOPLIST_FILE = WHoliday/Info.plist;
				IPHONEOS_DEPLOYMENT_TARGET = 14.0;
				LD_RUNPATH_SEARCH_PATHS = (
					"$(inherited)",
					"@executable_path/Frameworks",
				);
				PRODUCT_BUNDLE_IDENTIFIER = com.furkanhanci.WHoliday;
				PRODUCT_NAME = "$(TARGET_NAME)";
				SWIFT_VERSION = 5.0;
				TARGETED_DEVICE_FAMILY = "1,2";
			};
			name = Debug;
		};
		70950B13269065EC007106D6 /* Release */ = {
			isa = XCBuildConfiguration;
			buildSettings = {
				ASSETCATALOG_COMPILER_APPICON_NAME = AppIcon;
				ASSETCATALOG_COMPILER_GLOBAL_ACCENT_COLOR_NAME = AccentColor;
				CODE_SIGN_STYLE = Automatic;
				DEVELOPMENT_ASSET_PATHS = "\"WHoliday/Preview Content\"";
				DEVELOPMENT_TEAM = C7UJQJ2BAR;
				ENABLE_PREVIEWS = YES;
				INFOPLIST_FILE = WHoliday/Info.plist;
				IPHONEOS_DEPLOYMENT_TARGET = 14.0;
				LD_RUNPATH_SEARCH_PATHS = (
					"$(inherited)",
					"@executable_path/Frameworks",
				);
				PRODUCT_BUNDLE_IDENTIFIER = com.furkanhanci.WHoliday;
				PRODUCT_NAME = "$(TARGET_NAME)";
				SWIFT_VERSION = 5.0;
				TARGETED_DEVICE_FAMILY = "1,2";
			};
			name = Release;
		};
/* End XCBuildConfiguration section */

/* Begin XCConfigurationList section */
		70950AFD269065EB007106D6 /* Build configuration list for PBXProject "WHoliday" */ = {
			isa = XCConfigurationList;
			buildConfigurations = (
				70950B0F269065EC007106D6 /* Debug */,
				70950B10269065EC007106D6 /* Release */,
			);
			defaultConfigurationIsVisible = 0;
			defaultConfigurationName = Release;
		};
		70950B11269065EC007106D6 /* Build configuration list for PBXNativeTarget "WHoliday" */ = {
			isa = XCConfigurationList;
			buildConfigurations = (
				70950B12269065EC007106D6 /* Debug */,
				70950B13269065EC007106D6 /* Release */,
			);
			defaultConfigurationIsVisible = 0;
			defaultConfigurationName = Release;
		};
/* End XCConfigurationList section */
	};
	rootObject = 70950AFA269065EB007106D6 /* Project object */;
}
